
Microsoft Visual Studio Solution File, Format Version 12.00
# Visual Studio 15
VisualStudioVersion = 15.0.28307.705
MinimumVisualStudioVersion = 10.0.40219.1
Project("{FAE04EC0-301F-11D3-BF4B-00C04F79EFBC}") = "Book_LINQ", "Book_LINQ\Book_LINQ.csproj", "{68C40F79-057F-4223-BB60-7B8D57B1B9B5}"
EndProject
Global
	GlobalSection(SolutionConfigurationPlatforms) = preSolution
		Debug|Any CPU = Debug|Any CPU
		Release|Any CPU = Release|Any CPU
	EndGlobalSection
	GlobalSection(ProjectConfigurationPlatforms) = postSolution
		{68C40F79-057F-4223-BB60-7B8D57B1B9B5}.Debug|Any CPU.ActiveCfg = Debug|Any CPU
		{68C40F79-057F-4223-BB60-7B8D57B1B9B5}.Debug|Any CPU.Build.0 = Debug|Any CPU
		{68C40F79-057F-4223-BB60-7B8D57B1B9B5}.Release|Any CPU.ActiveCfg = Release|Any CPU
		{68C40F79-057F-4223-BB60-7B8D57B1B9B5}.Release|Any CPU.Build.0 = Release|Any CPU
	EndGlobalSection
	GlobalSection(SolutionProperties) = preSolution
		HideSolutionNode = FALSE
	EndGlobalSection
	GlobalSection(ExtensibilityGlobals) = postSolution
		SolutionGuid = {16F710B1-B11A-42BE-8793-D557F27C2C89}
	EndGlobalSection
EndGlobal
